{
  "originHash" : "e499f1343e981f1d4ef86c3a9bedf8a06b29c69d67a3540ec85b99fafff615b0",
  "pins" : [
    {
      "identity" : "sfsafesymbols",
      "kind" : "remoteSourceControl",
      "location" : "https://github.com/SFSafeSymbols/SFSafeSymbols.git",
      "state" : {
        "revision" : "3dd282d3269b061853a3b3bcd23a509d2aa166ce",
        "version" : "6.2.0"
      }
    }
  ],
  "version" : 3
}
