{
  "originHash" : "896df6e85650d1089f71133a8563f67c64b3ec184d7386f47baa019176fbab00",
  "pins" : [
    {
      "identity" : "launchatlogin-modern",
      "kind" : "remoteSourceControl",
      "location" : "https://github.com/sindresorhus/LaunchAtLogin-Modern.git",
      "state" : {
        "revision" : "a04ec1c363be3627734f6dad757d82f5d4fa8fcc",
        "version" : "1.1.0"
      }
    },
    {
      "identity" : "sfsafesymbols",
      "kind" : "remoteSourceControl",
      "location" : "https://github.com/SFSafeSymbols/SFSafeSymbols",
      "state" : {
        "revision" : "e2e28f4e56e1769c2ec3c61c9355fc64eb7a535a",
        "version" : "5.3.0"
      }
    },
    {
      "identity" : "systeminfokit",
      "kind" : "remoteSourceControl",
      "location" : "https://github.com/Kyome22/SystemInfoKit",
      "state" : {
        "revision" : "a70db062a94959404fb35b72eb9a08568dcf1dc0",
        "version" : "3.2.0"
      }
    }
  ],
  "version" : 3
}
