{
  "originHash" : "b9a08929aa05be3783ab712bf2b09e162b61acd8b70033139ac7a4f962045eb7",
  "pins" : [
    {
      "identity" : "sfsafesymbols",
      "kind" : "remoteSourceControl",
      "location" : "https://github.com/SFSafeSymbols/SFSafeSymbols",
      "state" : {
        "revision" : "e2e28f4e56e1769c2ec3c61c9355fc64eb7a535a",
        "version" : "5.3.0"
      }
    },
    {
      "identity" : "systeminfokit",
      "kind" : "remoteSourceControl",
      "location" : "https://github.com/Kyome22/SystemInfoKit",
      "state" : {
        "revision" : "a70db062a94959404fb35b72eb9a08568dcf1dc0",
        "version" : "3.2.0"
      }
    }
  ],
  "version" : 3
}
